{
  "nodes": {
    "cargo2nix": {
      "inputs": {
        "flake-compat": "flake-compat",
        "flake-utils": [
          "flake-utils"
        ],
        "nixpkgs": [
          "nixpkgs"
        ],
        "rust-overlay": "rust-overlay"
      },
      "locked": {
        "lastModified": 1705129117,
        "narHash": "sha256-LgdDHibvimzYhxBK3kxCk2gAL7k4Hyigl5KI0X9cijA=",
        "owner": "cargo2nix",
        "repo": "cargo2nix",
        "rev": "ae19a9e1f8f0880c088ea155ab66cee1fa001f59",
        "type": "github"
      },
      "original": {
        "owner": "cargo2nix",
        "ref": "release-0.11.0",
        "repo": "cargo2nix",
        "type": "github"
      }
    },
    "flake-compat": {
      "flake": false,
      "locked": {
        "lastModified": 1696426674,
        "narHash": "sha256-kvjfFW7WAETZlt09AgDn1MrtKzP7t90Vf7vypd3OL1U=",
        "owner": "edolstra",
        "repo": "flake-compat",
        "rev": "0f9255e01c2351cc7d116c072cb317785dd33b33",
        "type": "github"
      },
      "original": {
        "owner": "edolstra",
        "repo": "flake-compat",
        "type": "github"
      }
    },
    "flake-utils": {
      "inputs": {
        "systems": "systems"
      },
      "locked": {
        "lastModified": 1710146030,
        "narHash": "sha256-SZ5L6eA7HJ/nmkzGG7/ISclqe6oZdOZTNoesiInkXPQ=",
        "owner": "numtide",
        "repo": "flake-utils",
        "rev": "b1d9ab70662946ef0850d488da1c9019f3a9752a",
        "type": "github"
      },
      "original": {
        "owner": "numtide",
        "repo": "flake-utils",
        "type": "github"
      }
    },
    "nixpkgs": {
      "locked": {
        "lastModified": 1723717646,
        "narHash": "sha256-/rBYr2C9I/bjgaVhL5sK+IKeNSxyb10Doj4ye1x3Dig=",
        "owner": "nixos",
        "repo": "nixpkgs",
        "rev": "afc0f6c0f80a371a7160af7b588965419433a149",
        "type": "github"
      },
      "original": {
        "owner": "nixos",
        "ref": "release-24.05",
        "repo": "nixpkgs",
        "type": "github"
      }
    },
    "root": {
      "inputs": {
        "cargo2nix": "cargo2nix",
        "flake-utils": "flake-utils",
        "nixpkgs": "nixpkgs"
      }
    },
    "rust-overlay": {
      "inputs": {
        "flake-utils": [
          "cargo2nix",
          "flake-utils"
        ],
        "nixpkgs": [
          "cargo2nix",
          "nixpkgs"
        ]
      },
      "locked": {
        "lastModified": 1705112162,
        "narHash": "sha256-IAM0+Uijh/fwlfoeDrOwau9MxcZW3zeDoUHc6Z3xfqM=",
        "owner": "oxalica",
        "repo": "rust-overlay",
        "rev": "9e0af26ffe52bf955ad5575888f093e41fba0104",
        "type": "github"
      },
      "original": {
        "owner": "oxalica",
        "repo": "rust-overlay",
        "type": "github"
      }
    },
    "systems": {
      "locked": {
        "lastModified": 1681028828,
        "narHash": "sha256-Vy1rq5AaRuLzOxct8nz4T6wlgyUR7zLU309k9mBC768=",
        "owner": "nix-systems",
        "repo": "default",
        "rev": "da67096a3b9bf56a91d16901293e51ba5b49a27e",
        "type": "github"
      },
      "original": {
        "owner": "nix-systems",
        "repo": "default",
        "type": "github"
      }
    }
  },
  "root": "root",
  "version": 7
}
